
Microsoft Visual Studio Solution File, Format Version 12.00
# Visual Studio Version 17
VisualStudioVersion = 17.4.33403.182
MinimumVisualStudioVersion = 10.0.40219.1
Project("{FAE04EC0-301F-11D3-BF4B-00C04F79EFBC}") = "ReinforcementLearningAgents", "ReinforcementLearningAgents.csproj", "{82314D53-E711-47D0-AA62-6E615045A820}"
EndProject
Project("{911E67C6-3D85-4FCE-B560-20A9C3E3FF48}") = "GeometryFriends", "GeometryFriendsGame\Release\GeometryFriends.exe", "{8E4CE5DB-7210-4D47-B90C-621364ACEA13}"
	ProjectSection(DebuggerProjectSystem) = preProject
		PortSupplier = 00000000-0000-0000-0000-000000000000
		Executable = C:\Users\llama\Desktop\Tests\Agents Pack\GeometryFriendsGame\Release\GeometryFriends.exe
		RemoteMachine = DESKTOP-NJO422N
		StartingDirectory = C:\Users\llama\Desktop\Tests\Agents Pack\GeometryFriendsGame\Release
		Environment = Predeterminado
		LaunchingEngine = 00000000-0000-0000-0000-000000000000
		UseLegacyDebugEngines = No
		LaunchSQLEngine = No
		AttachLaunchAction = No
		IORedirection = Auto
	EndProjectSection
EndProject
Global
	GlobalSection(SolutionConfigurationPlatforms) = preSolution
		Debug|Any CPU = Debug|Any CPU
		Release|Any CPU = Release|Any CPU
	EndGlobalSection
	GlobalSection(ProjectConfigurationPlatforms) = postSolution
		{82314D53-E711-47D0-AA62-6E615045A820}.Debug|Any CPU.ActiveCfg = Debug|Any CPU
		{82314D53-E711-47D0-AA62-6E615045A820}.Debug|Any CPU.Build.0 = Debug|Any CPU
		{82314D53-E711-47D0-AA62-6E615045A820}.Release|Any CPU.ActiveCfg = Release|Any CPU
		{82314D53-E711-47D0-AA62-6E615045A820}.Release|Any CPU.Build.0 = Release|Any CPU
		{8E4CE5DB-7210-4D47-B90C-621364ACEA13}.Debug|Any CPU.ActiveCfg = Release|Any CPU
		{8E4CE5DB-7210-4D47-B90C-621364ACEA13}.Release|Any CPU.ActiveCfg = Release|Any CPU
	EndGlobalSection
	GlobalSection(SolutionProperties) = preSolution
		HideSolutionNode = FALSE
	EndGlobalSection
	GlobalSection(ExtensibilityGlobals) = postSolution
		SolutionGuid = {5F57CFD2-893A-43E0-9E5C-1B898BDA39A1}
	EndGlobalSection
EndGlobal
