
Microsoft Visual Studio Solution File, Format Version 12.00
# Visual Studio 15
VisualStudioVersion = 15.0.28010.2046
MinimumVisualStudioVersion = 10.0.40219.1
Project("{FAE04EC0-301F-11D3-BF4B-00C04F79EFBC}") = "RapidlyExploringRandomTreeAgents", "RapidlyExploringRandomTreeAgents.csproj", "{1E606404-0215-43AC-9C4A-D24CBC5769BD}"
EndProject
Project("{911E67C6-3D85-4FCE-B560-20A9C3E3FF48}") = "GeometryFriends", "GeometryFriendsGame\Release\GeometryFriends.exe", "{73FFB7C9-F34E-4EA9-8731-A8D5A0B88B57}"
	ProjectSection(DebuggerProjectSystem) = preProject
		PortSupplier = 00000000-0000-0000-0000-000000000000
		Executable = C:\Users\llama\Desktop\GeometryFriendsAgentsRRT\GeometryFriendsGame\Release\GeometryFriends.exe
		RemoteMachine = DESKTOP-NJO422N
		StartingDirectory = C:\Users\llama\Desktop\GeometryFriendsAgentsRRT\GeometryFriendsGame\Release
		Environment = Predeterminado
		LaunchingEngine = 00000000-0000-0000-0000-000000000000
		UseLegacyDebugEngines = No
		LaunchSQLEngine = No
		AttachLaunchAction = No
	EndProjectSection
EndProject
Global
	GlobalSection(SolutionConfigurationPlatforms) = preSolution
		Debug|Any CPU = Debug|Any CPU
		Release|Any CPU = Release|Any CPU
	EndGlobalSection
	GlobalSection(ProjectConfigurationPlatforms) = postSolution
		{1E606404-0215-43AC-9C4A-D24CBC5769BD}.Debug|Any CPU.ActiveCfg = Debug|Any CPU
		{1E606404-0215-43AC-9C4A-D24CBC5769BD}.Debug|Any CPU.Build.0 = Debug|Any CPU
		{1E606404-0215-43AC-9C4A-D24CBC5769BD}.Release|Any CPU.ActiveCfg = Release|Any CPU
		{1E606404-0215-43AC-9C4A-D24CBC5769BD}.Release|Any CPU.Build.0 = Release|Any CPU
		{73FFB7C9-F34E-4EA9-8731-A8D5A0B88B57}.Debug|Any CPU.ActiveCfg = Release|Any CPU
		{73FFB7C9-F34E-4EA9-8731-A8D5A0B88B57}.Release|Any CPU.ActiveCfg = Release|Any CPU
	EndGlobalSection
	GlobalSection(SolutionProperties) = preSolution
		HideSolutionNode = FALSE
	EndGlobalSection
	GlobalSection(ExtensibilityGlobals) = postSolution
		SolutionGuid = {498E10FB-4E45-4E33-BA84-18B3E608D5A0}
	EndGlobalSection
EndGlobal
