
Microsoft Visual Studio Solution File, Format Version 12.00
# Visual Studio 15
VisualStudioVersion = 15.0.28010.2046
MinimumVisualStudioVersion = 10.0.40219.1
Project("{FAE04EC0-301F-11D3-BF4B-00C04F79EFBC}") = "SubGoalAStarAgents", "SubGoalAStarAgents.csproj", "{B4DCAFB0-B498-485A-9BA9-CE350B9743EF}"
EndProject
Project("{911E67C6-3D85-4FCE-B560-20A9C3E3FF48}") = "GeometryFriends", "GeometryFriendsGame\Release\GeometryFriends.exe", "{25EFB9F2-FE0B-4D13-8630-361148722084}"
	ProjectSection(DebuggerProjectSystem) = preProject
		PortSupplier = 00000000-0000-0000-0000-000000000000
		Executable = C:\Users\llama\Desktop\GeometryFriendsAgentsSubgoalAstar\GeometryFriendsGame\Release\GeometryFriends.exe
		RemoteMachine = DESKTOP-NJO422N
		StartingDirectory = C:\Users\llama\Desktop\GeometryFriendsAgentsSubgoalAstar\GeometryFriendsGame\Release
		Environment = Predeterminado
		LaunchingEngine = 00000000-0000-0000-0000-000000000000
		UseLegacyDebugEngines = No
		LaunchSQLEngine = No
		AttachLaunchAction = No
	EndProjectSection
EndProject
Global
	GlobalSection(SolutionConfigurationPlatforms) = preSolution
		Debug|Any CPU = Debug|Any CPU
		Release|Any CPU = Release|Any CPU
	EndGlobalSection
	GlobalSection(ProjectConfigurationPlatforms) = postSolution
		{B4DCAFB0-B498-485A-9BA9-CE350B9743EF}.Debug|Any CPU.ActiveCfg = Debug|Any CPU
		{B4DCAFB0-B498-485A-9BA9-CE350B9743EF}.Debug|Any CPU.Build.0 = Debug|Any CPU
		{B4DCAFB0-B498-485A-9BA9-CE350B9743EF}.Release|Any CPU.ActiveCfg = Release|Any CPU
		{B4DCAFB0-B498-485A-9BA9-CE350B9743EF}.Release|Any CPU.Build.0 = Release|Any CPU
		{25EFB9F2-FE0B-4D13-8630-361148722084}.Debug|Any CPU.ActiveCfg = Release|Any CPU
		{25EFB9F2-FE0B-4D13-8630-361148722084}.Release|Any CPU.ActiveCfg = Release|Any CPU
	EndGlobalSection
	GlobalSection(SolutionProperties) = preSolution
		HideSolutionNode = FALSE
	EndGlobalSection
	GlobalSection(ExtensibilityGlobals) = postSolution
		SolutionGuid = {76FAC6FC-599D-41C1-8621-03949A78C842}
	EndGlobalSection
EndGlobal
